
Microsoft Visual Studio Solution File, Format Version 12.00
# Visual Studio Version 17
VisualStudioVersion = 17.5.33424.131
MinimumVisualStudioVersion = 10.0.40219.1
Project("{FAE04EC0-301F-11D3-BF4B-00C04F79EFBC}") = "Homework4", "Homework4\Homework4.csproj", "{042A7C57-B9BD-4858-9A2C-F4B6F654E2BD}"
EndProject
Global
	GlobalSection(SolutionConfigurationPlatforms) = preSolution
		Debug|Any CPU = Debug|Any CPU
		Release|Any CPU = Release|Any CPU
	EndGlobalSection
	GlobalSection(ProjectConfigurationPlatforms) = postSolution
		{042A7C57-B9BD-4858-9A2C-F4B6F654E2BD}.Debug|Any CPU.ActiveCfg = Debug|Any CPU
		{042A7C57-B9BD-4858-9A2C-F4B6F654E2BD}.Debug|Any CPU.Build.0 = Debug|Any CPU
		{042A7C57-B9BD-4858-9A2C-F4B6F654E2BD}.Release|Any CPU.ActiveCfg = Release|Any CPU
		{042A7C57-B9BD-4858-9A2C-F4B6F654E2BD}.Release|Any CPU.Build.0 = Release|Any CPU
	EndGlobalSection
	GlobalSection(SolutionProperties) = preSolution
		HideSolutionNode = FALSE
	EndGlobalSection
	GlobalSection(ExtensibilityGlobals) = postSolution
		SolutionGuid = {A1C29E87-74BC-408E-B900-A7C1411A61EA}
	EndGlobalSection
EndGlobal
